
Microsoft Visual Studio Solution File, Format Version 12.00
# Visual Studio 15
VisualStudioVersion = 15.0.28307.902
MinimumVisualStudioVersion = 10.0.40219.1
Project("{FAE04EC0-301F-11D3-BF4B-00C04F79EFBC}") = "Web.Portal", "Web.Portal\Web.Portal.csproj", "{2BF7EA4D-08CC-49AB-B0CC-02AD1EEAF876}"
EndProject
Project("{00D1A9C2-B5F0-4AF3-8072-F6C62B433612}") = "Data.Database", "Data.Database\Data.Database.sqlproj", "{3B21248E-92B0-4F6A-A3F1-90A0913144C7}"
EndProject
Project("{FAE04EC0-301F-11D3-BF4B-00C04F79EFBC}") = "Data.DAL", "Data.DAL\Data.DAL.csproj", "{51F874A2-8B61-4832-AA2A-3F67250357D2}"
EndProject
Global
	GlobalSection(SolutionConfigurationPlatforms) = preSolution
		Debug|Any CPU = Debug|Any CPU
		Release|Any CPU = Release|Any CPU
	EndGlobalSection
	GlobalSection(ProjectConfigurationPlatforms) = postSolution
		{2BF7EA4D-08CC-49AB-B0CC-02AD1EEAF876}.Debug|Any CPU.ActiveCfg = Debug|Any CPU
		{2BF7EA4D-08CC-49AB-B0CC-02AD1EEAF876}.Debug|Any CPU.Build.0 = Debug|Any CPU
		{2BF7EA4D-08CC-49AB-B0CC-02AD1EEAF876}.Release|Any CPU.ActiveCfg = Release|Any CPU
		{2BF7EA4D-08CC-49AB-B0CC-02AD1EEAF876}.Release|Any CPU.Build.0 = Release|Any CPU
		{3B21248E-92B0-4F6A-A3F1-90A0913144C7}.Debug|Any CPU.ActiveCfg = Debug|Any CPU
		{3B21248E-92B0-4F6A-A3F1-90A0913144C7}.Debug|Any CPU.Build.0 = Debug|Any CPU
		{3B21248E-92B0-4F6A-A3F1-90A0913144C7}.Debug|Any CPU.Deploy.0 = Debug|Any CPU
		{3B21248E-92B0-4F6A-A3F1-90A0913144C7}.Release|Any CPU.ActiveCfg = Release|Any CPU
		{3B21248E-92B0-4F6A-A3F1-90A0913144C7}.Release|Any CPU.Build.0 = Release|Any CPU
		{3B21248E-92B0-4F6A-A3F1-90A0913144C7}.Release|Any CPU.Deploy.0 = Release|Any CPU
		{51F874A2-8B61-4832-AA2A-3F67250357D2}.Debug|Any CPU.ActiveCfg = Debug|Any CPU
		{51F874A2-8B61-4832-AA2A-3F67250357D2}.Debug|Any CPU.Build.0 = Debug|Any CPU
		{51F874A2-8B61-4832-AA2A-3F67250357D2}.Release|Any CPU.ActiveCfg = Release|Any CPU
		{51F874A2-8B61-4832-AA2A-3F67250357D2}.Release|Any CPU.Build.0 = Release|Any CPU
	EndGlobalSection
	GlobalSection(SolutionProperties) = preSolution
		HideSolutionNode = FALSE
	EndGlobalSection
	GlobalSection(ExtensibilityGlobals) = postSolution
		SolutionGuid = {28E1BABF-940E-4470-8DA8-EEDB99D8BEFD}
	EndGlobalSection
EndGlobal
