
Microsoft Visual Studio Solution File, Format Version 12.00
# Visual Studio 15
VisualStudioVersion = 15.0.28307.902
MinimumVisualStudioVersion = 10.0.40219.1
Project("{FAE04EC0-301F-11D3-BF4B-00C04F79EFBC}") = "Web.Portal", "Web.Portal\Web.Portal.csproj", "{2BF7EA4D-08CC-49AB-B0CC-02AD1EEAF876}"
	ProjectSection(ProjectDependencies) = postProject
		{4E62587A-EEC1-49D6-9BB3-E9E0746CA944} = {4E62587A-EEC1-49D6-9BB3-E9E0746CA944}
		{DD9C6783-3BF4-4CC1-A099-D59EA3368AB2} = {DD9C6783-3BF4-4CC1-A099-D59EA3368AB2}
		{04949597-FEEF-4B7C-AC62-A4E51963D020} = {04949597-FEEF-4B7C-AC62-A4E51963D020}
		{6B21AAC7-38F1-43E2-BF02-D4192364C109} = {6B21AAC7-38F1-43E2-BF02-D4192364C109}
		{CC162BFB-16D1-490D-BCE1-46C6AA926303} = {CC162BFB-16D1-490D-BCE1-46C6AA926303}
	EndProjectSection
EndProject
Project("{00D1A9C2-B5F0-4AF3-8072-F6C62B433612}") = "Data.Database", "Data.Database\Data.Database.sqlproj", "{3B21248E-92B0-4F6A-A3F1-90A0913144C7}"
EndProject
Project("{FAE04EC0-301F-11D3-BF4B-00C04F79EFBC}") = "Data.DAL", "Data.DAL\Data.DAL.csproj", "{51F874A2-8B61-4832-AA2A-3F67250357D2}"
	ProjectSection(ProjectDependencies) = postProject
		{4E62587A-EEC1-49D6-9BB3-E9E0746CA944} = {4E62587A-EEC1-49D6-9BB3-E9E0746CA944}
		{DD9C6783-3BF4-4CC1-A099-D59EA3368AB2} = {DD9C6783-3BF4-4CC1-A099-D59EA3368AB2}
		{3B21248E-92B0-4F6A-A3F1-90A0913144C7} = {3B21248E-92B0-4F6A-A3F1-90A0913144C7}
		{CC162BFB-16D1-490D-BCE1-46C6AA926303} = {CC162BFB-16D1-490D-BCE1-46C6AA926303}
	EndProjectSection
EndProject
Project("{FAE04EC0-301F-11D3-BF4B-00C04F79EFBC}") = "Buisness.Core", "Buisness.Core\Buisness.Core.csproj", "{04949597-FEEF-4B7C-AC62-A4E51963D020}"
	ProjectSection(ProjectDependencies) = postProject
		{4E62587A-EEC1-49D6-9BB3-E9E0746CA944} = {4E62587A-EEC1-49D6-9BB3-E9E0746CA944}
		{DD9C6783-3BF4-4CC1-A099-D59EA3368AB2} = {DD9C6783-3BF4-4CC1-A099-D59EA3368AB2}
		{51F874A2-8B61-4832-AA2A-3F67250357D2} = {51F874A2-8B61-4832-AA2A-3F67250357D2}
		{6B21AAC7-38F1-43E2-BF02-D4192364C109} = {6B21AAC7-38F1-43E2-BF02-D4192364C109}
		{CC162BFB-16D1-490D-BCE1-46C6AA926303} = {CC162BFB-16D1-490D-BCE1-46C6AA926303}
	EndProjectSection
EndProject
Project("{FAE04EC0-301F-11D3-BF4B-00C04F79EFBC}") = "Common", "Common\Common.csproj", "{DD9C6783-3BF4-4CC1-A099-D59EA3368AB2}"
EndProject
Project("{FAE04EC0-301F-11D3-BF4B-00C04F79EFBC}") = "Common.Logging", "Common.Logging\Common.Logging.csproj", "{CC162BFB-16D1-490D-BCE1-46C6AA926303}"
EndProject
Project("{FAE04EC0-301F-11D3-BF4B-00C04F79EFBC}") = "Common.Filters", "Common.Filters\Common.Filters.csproj", "{4E62587A-EEC1-49D6-9BB3-E9E0746CA944}"
EndProject
Project("{FAE04EC0-301F-11D3-BF4B-00C04F79EFBC}") = "Buisness.Contracts", "Buisness.Contracts\Buisness.Contracts.csproj", "{6B21AAC7-38F1-43E2-BF02-D4192364C109}"
	ProjectSection(ProjectDependencies) = postProject
		{4E62587A-EEC1-49D6-9BB3-E9E0746CA944} = {4E62587A-EEC1-49D6-9BB3-E9E0746CA944}
		{DD9C6783-3BF4-4CC1-A099-D59EA3368AB2} = {DD9C6783-3BF4-4CC1-A099-D59EA3368AB2}
		{CC162BFB-16D1-490D-BCE1-46C6AA926303} = {CC162BFB-16D1-490D-BCE1-46C6AA926303}
	EndProjectSection
EndProject
Global
	GlobalSection(SolutionConfigurationPlatforms) = preSolution
		Debug|Any CPU = Debug|Any CPU
		Release|Any CPU = Release|Any CPU
	EndGlobalSection
	GlobalSection(ProjectConfigurationPlatforms) = postSolution
		{2BF7EA4D-08CC-49AB-B0CC-02AD1EEAF876}.Debug|Any CPU.ActiveCfg = Debug|Any CPU
		{2BF7EA4D-08CC-49AB-B0CC-02AD1EEAF876}.Debug|Any CPU.Build.0 = Debug|Any CPU
		{2BF7EA4D-08CC-49AB-B0CC-02AD1EEAF876}.Release|Any CPU.ActiveCfg = Release|Any CPU
		{2BF7EA4D-08CC-49AB-B0CC-02AD1EEAF876}.Release|Any CPU.Build.0 = Release|Any CPU
		{3B21248E-92B0-4F6A-A3F1-90A0913144C7}.Debug|Any CPU.ActiveCfg = Debug|Any CPU
		{3B21248E-92B0-4F6A-A3F1-90A0913144C7}.Release|Any CPU.ActiveCfg = Release|Any CPU
		{51F874A2-8B61-4832-AA2A-3F67250357D2}.Debug|Any CPU.ActiveCfg = Debug|Any CPU
		{51F874A2-8B61-4832-AA2A-3F67250357D2}.Debug|Any CPU.Build.0 = Debug|Any CPU
		{51F874A2-8B61-4832-AA2A-3F67250357D2}.Release|Any CPU.ActiveCfg = Release|Any CPU
		{51F874A2-8B61-4832-AA2A-3F67250357D2}.Release|Any CPU.Build.0 = Release|Any CPU
		{04949597-FEEF-4B7C-AC62-A4E51963D020}.Debug|Any CPU.ActiveCfg = Debug|Any CPU
		{04949597-FEEF-4B7C-AC62-A4E51963D020}.Debug|Any CPU.Build.0 = Debug|Any CPU
		{04949597-FEEF-4B7C-AC62-A4E51963D020}.Release|Any CPU.ActiveCfg = Release|Any CPU
		{04949597-FEEF-4B7C-AC62-A4E51963D020}.Release|Any CPU.Build.0 = Release|Any CPU
		{DD9C6783-3BF4-4CC1-A099-D59EA3368AB2}.Debug|Any CPU.ActiveCfg = Debug|Any CPU
		{DD9C6783-3BF4-4CC1-A099-D59EA3368AB2}.Debug|Any CPU.Build.0 = Debug|Any CPU
		{DD9C6783-3BF4-4CC1-A099-D59EA3368AB2}.Release|Any CPU.ActiveCfg = Release|Any CPU
		{DD9C6783-3BF4-4CC1-A099-D59EA3368AB2}.Release|Any CPU.Build.0 = Release|Any CPU
		{CC162BFB-16D1-490D-BCE1-46C6AA926303}.Debug|Any CPU.ActiveCfg = Debug|Any CPU
		{CC162BFB-16D1-490D-BCE1-46C6AA926303}.Debug|Any CPU.Build.0 = Debug|Any CPU
		{CC162BFB-16D1-490D-BCE1-46C6AA926303}.Release|Any CPU.ActiveCfg = Release|Any CPU
		{CC162BFB-16D1-490D-BCE1-46C6AA926303}.Release|Any CPU.Build.0 = Release|Any CPU
		{4E62587A-EEC1-49D6-9BB3-E9E0746CA944}.Debug|Any CPU.ActiveCfg = Debug|Any CPU
		{4E62587A-EEC1-49D6-9BB3-E9E0746CA944}.Debug|Any CPU.Build.0 = Debug|Any CPU
		{4E62587A-EEC1-49D6-9BB3-E9E0746CA944}.Release|Any CPU.ActiveCfg = Release|Any CPU
		{4E62587A-EEC1-49D6-9BB3-E9E0746CA944}.Release|Any CPU.Build.0 = Release|Any CPU
		{6B21AAC7-38F1-43E2-BF02-D4192364C109}.Debug|Any CPU.ActiveCfg = Debug|Any CPU
		{6B21AAC7-38F1-43E2-BF02-D4192364C109}.Debug|Any CPU.Build.0 = Debug|Any CPU
		{6B21AAC7-38F1-43E2-BF02-D4192364C109}.Release|Any CPU.ActiveCfg = Release|Any CPU
		{6B21AAC7-38F1-43E2-BF02-D4192364C109}.Release|Any CPU.Build.0 = Release|Any CPU
	EndGlobalSection
	GlobalSection(SolutionProperties) = preSolution
		HideSolutionNode = FALSE
	EndGlobalSection
	GlobalSection(ExtensibilityGlobals) = postSolution
		SolutionGuid = {28E1BABF-940E-4470-8DA8-EEDB99D8BEFD}
	EndGlobalSection
EndGlobal
